
Microsoft Visual Studio Solution File, Format Version 12.00
# Visual Studio Version 17
VisualStudioVersion = 17.5.33516.290
MinimumVisualStudioVersion = 10.0.40219.1
Project("{FAE04EC0-301F-11D3-BF4B-00C04F79EFBC}") = "codeSniper", "codeSniper.csproj", "{8BCE679A-47E1-4F4E-BC74-08CDD6B6A8FD}"
EndProject
Global
	GlobalSection(SolutionConfigurationPlatforms) = preSolution
		Debug|Any CPU = Debug|Any CPU
		Release|Any CPU = Release|Any CPU
	EndGlobalSection
	GlobalSection(ProjectConfigurationPlatforms) = postSolution
		{8BCE679A-47E1-4F4E-BC74-08CDD6B6A8FD}.Debug|Any CPU.ActiveCfg = Debug|Any CPU
		{8BCE679A-47E1-4F4E-BC74-08CDD6B6A8FD}.Debug|Any CPU.Build.0 = Debug|Any CPU
		{8BCE679A-47E1-4F4E-BC74-08CDD6B6A8FD}.Release|Any CPU.ActiveCfg = Release|Any CPU
		{8BCE679A-47E1-4F4E-BC74-08CDD6B6A8FD}.Release|Any CPU.Build.0 = Release|Any CPU
	EndGlobalSection
	GlobalSection(SolutionProperties) = preSolution
		HideSolutionNode = FALSE
	EndGlobalSection
	GlobalSection(ExtensibilityGlobals) = postSolution
		SolutionGuid = {E4FF3733-80AB-43AF-AB73-7C0E4A92C41B}
	EndGlobalSection
EndGlobal
